<?xml version="1.0" encoding="utf-8"?>
<Project ToolsVersion="17.0" xmlns="http://schemas.microsoft.com/developer/msbuild/2003">
  <ItemGroup>
    <ClCompile Include="C:\Users\chris\source\repos\ProjectVillage\ProjectVillage\ProjectVillage.cpp">
      <Filter>Source Files</Filter>
    </ClCompile>
    <ClCompile Include="render.cpp" />
    <ClCompile Include="StartWindow.cpp" />
  </ItemGroup>
  <ItemGroup>
    <CustomBuild Include="C:\Users\chris\source\repos\ProjectVillage\ProjectVillage\CMakeLists.txt" />
  </ItemGroup>
  <ItemGroup>
    <Filter Include="Source Files">
      <UniqueIdentifier>{00A07E28-9ED2-3E59-8CDA-4379F04594EB}</UniqueIdentifier>
    </Filter>
  </ItemGroup>
  <ItemGroup>
    <ClInclude Include="render.h" />
    <ClInclude Include="StartWindow.h" />
  </ItemGroup>
</Project>